
Microsoft Visual Studio Solution File, Format Version 12.00
# Visual Studio 15
VisualStudioVersion = 15.0.27703.2000
MinimumVisualStudioVersion = 10.0.40219.1
Project("{FAE04EC0-301F-11D3-BF4B-00C04F79EFBC}") = "Lesson1", "Lesson1\Lesson1.csproj", "{337476E8-8489-4A7E-9E7E-298A3E7F24C1}"
EndProject
Project("{FAE04EC0-301F-11D3-BF4B-00C04F79EFBC}") = "Lesson1ex2", "Lesson1ex2\Lesson1ex2.csproj", "{843A70AB-CC8B-442B-986F-C0771A1A58A6}"
EndProject
Project("{FAE04EC0-301F-11D3-BF4B-00C04F79EFBC}") = "Lesson1Ex3", "Lesson1Ex3\Lesson1Ex3.csproj", "{4AB50406-B4FA-4E94-B588-F405C1BDDC2C}"
EndProject
Global
	GlobalSection(SolutionConfigurationPlatforms) = preSolution
		Debug|Any CPU = Debug|Any CPU
		Release|Any CPU = Release|Any CPU
	EndGlobalSection
	GlobalSection(ProjectConfigurationPlatforms) = postSolution
		{337476E8-8489-4A7E-9E7E-298A3E7F24C1}.Debug|Any CPU.ActiveCfg = Debug|Any CPU
		{337476E8-8489-4A7E-9E7E-298A3E7F24C1}.Debug|Any CPU.Build.0 = Debug|Any CPU
		{337476E8-8489-4A7E-9E7E-298A3E7F24C1}.Release|Any CPU.ActiveCfg = Release|Any CPU
		{337476E8-8489-4A7E-9E7E-298A3E7F24C1}.Release|Any CPU.Build.0 = Release|Any CPU
		{843A70AB-CC8B-442B-986F-C0771A1A58A6}.Debug|Any CPU.ActiveCfg = Debug|Any CPU
		{843A70AB-CC8B-442B-986F-C0771A1A58A6}.Debug|Any CPU.Build.0 = Debug|Any CPU
		{843A70AB-CC8B-442B-986F-C0771A1A58A6}.Release|Any CPU.ActiveCfg = Release|Any CPU
		{843A70AB-CC8B-442B-986F-C0771A1A58A6}.Release|Any CPU.Build.0 = Release|Any CPU
		{4AB50406-B4FA-4E94-B588-F405C1BDDC2C}.Debug|Any CPU.ActiveCfg = Debug|Any CPU
		{4AB50406-B4FA-4E94-B588-F405C1BDDC2C}.Debug|Any CPU.Build.0 = Debug|Any CPU
		{4AB50406-B4FA-4E94-B588-F405C1BDDC2C}.Release|Any CPU.ActiveCfg = Release|Any CPU
		{4AB50406-B4FA-4E94-B588-F405C1BDDC2C}.Release|Any CPU.Build.0 = Release|Any CPU
	EndGlobalSection
	GlobalSection(SolutionProperties) = preSolution
		HideSolutionNode = FALSE
	EndGlobalSection
	GlobalSection(ExtensibilityGlobals) = postSolution
		SolutionGuid = {5B2521AD-1B66-46E8-94CC-7EDE664ED52B}
	EndGlobalSection
EndGlobal
